// !$*UTF8*$!
{
	archiveVersion = 1;
	classes = {
	};
	objectVersion = 55;
	objects = {

/* Begin PBXBuildFile section */
		9B8E427E238EB2D189631424 /* Pods_PlenyInterviewTask.framework in Frameworks */ = {isa = PBXBuildFile; fileRef = 5C77C895374D8AD38287C658 /* Pods_PlenyInterviewTask.framework */; };
		A04AE14D2AB2FB9F00138A2B /* PlenyInterviewTaskApp.swift in Sources */ = {isa = PBXBuildFile; fileRef = A04AE14C2AB2FB9F00138A2B /* PlenyInterviewTaskApp.swift */; };
		A04AE1512AB2FBA100138A2B /* Assets.xcassets in Resources */ = {isa = PBXBuildFile; fileRef = A04AE1502AB2FBA100138A2B /* Assets.xcassets */; };
		A04AE1542AB2FBA100138A2B /* Preview Assets.xcassets in Resources */ = {isa = PBXBuildFile; fileRef = A04AE1532AB2FBA100138A2B /* Preview Assets.xcassets */; };
		A04AE1562AB2FBA100138A2B /* Persistence.swift in Sources */ = {isa = PBXBuildFile; fileRef = A04AE1552AB2FBA100138A2B /* Persistence.swift */; };
		A04AE1592AB2FBA100138A2B /* PlenyInterviewTask.xcdatamodeld in Sources */ = {isa = PBXBuildFile; fileRef = A04AE1572AB2FBA100138A2B /* PlenyInterviewTask.xcdatamodeld */; };
		A04AE1622AB315FF00138A2B /* LoginView.swift in Sources */ = {isa = PBXBuildFile; fileRef = A04AE1612AB315FF00138A2B /* LoginView.swift */; };
		A04AE16B2AB3257900138A2B /* SFPRODISPLAYBOLD.OTF in Resources */ = {isa = PBXBuildFile; fileRef = A04AE1682AB320B200138A2B /* SFPRODISPLAYBOLD.OTF */; };
		A04AE16C2AB3257900138A2B /* SFPRODISPLAYMEDIUM.OTF in Resources */ = {isa = PBXBuildFile; fileRef = A04AE1672AB320B200138A2B /* SFPRODISPLAYMEDIUM.OTF */; };
		A04AE16D2AB3257900138A2B /* SFPRODISPLAYREGULAR.OTF in Resources */ = {isa = PBXBuildFile; fileRef = A04AE1692AB320B200138A2B /* SFPRODISPLAYREGULAR.OTF */; };
		A04AE1702AB3274000138A2B /* Fonts+Extension.swift in Sources */ = {isa = PBXBuildFile; fileRef = A04AE16F2AB3274000138A2B /* Fonts+Extension.swift */; };
		A04AE1722AB327E200138A2B /* Colors+Extension.swift in Sources */ = {isa = PBXBuildFile; fileRef = A04AE1712AB327E200138A2B /* Colors+Extension.swift */; };
		A04AE1752AB3472D00138A2B /* CustomInputView.swift in Sources */ = {isa = PBXBuildFile; fileRef = A04AE1742AB3472D00138A2B /* CustomInputView.swift */; };
		A04AE1772AB36A5800138A2B /* SecureInputView.swift in Sources */ = {isa = PBXBuildFile; fileRef = A04AE1762AB36A5800138A2B /* SecureInputView.swift */; };
		A04AE17E2AB381FF00138A2B /* LoginRepository.swift in Sources */ = {isa = PBXBuildFile; fileRef = A04AE17D2AB381FF00138A2B /* LoginRepository.swift */; };
		A04AE1802AB3828F00138A2B /* User.swift in Sources */ = {isa = PBXBuildFile; fileRef = A04AE17F2AB3828F00138A2B /* User.swift */; };
		A04AE1832AB486C400138A2B /* LoginService.swift in Sources */ = {isa = PBXBuildFile; fileRef = A04AE1822AB486C400138A2B /* LoginService.swift */; };
		A04AE1862AB493BE00138A2B /* DependencyInjector.swift in Sources */ = {isa = PBXBuildFile; fileRef = A04AE1852AB493BE00138A2B /* DependencyInjector.swift */; };
		A04AE18A2AB496C600138A2B /* ServicesContainer.swift in Sources */ = {isa = PBXBuildFile; fileRef = A04AE1892AB496C600138A2B /* ServicesContainer.swift */; };
		A04AE19A2AB4A52600138A2B /* AppEnvironment.swift in Sources */ = {isa = PBXBuildFile; fileRef = A04AE1992AB4A52600138A2B /* AppEnvironment.swift */; };
		A04AE19E2AB4A9C200138A2B /* APIManager.swift in Sources */ = {isa = PBXBuildFile; fileRef = A04AE19C2AB4A9C200138A2B /* APIManager.swift */; };
		A04AE1A52AB4A9DC00138A2B /* Endpoint.swift in Sources */ = {isa = PBXBuildFile; fileRef = A04AE1A22AB4A9DC00138A2B /* Endpoint.swift */; };
		A04AE1A62AB4A9DC00138A2B /* HTTPMethods.swift in Sources */ = {isa = PBXBuildFile; fileRef = A04AE1A32AB4A9DC00138A2B /* HTTPMethods.swift */; };
		A04AE1AC2AB4E0DE00138A2B /* LoginViewModel.swift in Sources */ = {isa = PBXBuildFile; fileRef = A04AE1AB2AB4E0DE00138A2B /* LoginViewModel.swift */; };
		A04AE1B22AB5029600138A2B /* ErrorView.swift in Sources */ = {isa = PBXBuildFile; fileRef = A04AE1B12AB5029600138A2B /* ErrorView.swift */; };
/* End PBXBuildFile section */

/* Begin PBXFileReference section */
		39FE8CA38BD7C1791C864A62 /* Pods-PlenyInterviewTask.release.xcconfig */ = {isa = PBXFileReference; includeInIndex = 1; lastKnownFileType = text.xcconfig; name = "Pods-PlenyInterviewTask.release.xcconfig"; path = "Target Support Files/Pods-PlenyInterviewTask/Pods-PlenyInterviewTask.release.xcconfig"; sourceTree = "<group>"; };
		4CB63E2C611B10DE9DE340AA /* Pods-PlenyInterviewTask.debug.xcconfig */ = {isa = PBXFileReference; includeInIndex = 1; lastKnownFileType = text.xcconfig; name = "Pods-PlenyInterviewTask.debug.xcconfig"; path = "Target Support Files/Pods-PlenyInterviewTask/Pods-PlenyInterviewTask.debug.xcconfig"; sourceTree = "<group>"; };
		5C77C895374D8AD38287C658 /* Pods_PlenyInterviewTask.framework */ = {isa = PBXFileReference; explicitFileType = wrapper.framework; includeInIndex = 0; path = Pods_PlenyInterviewTask.framework; sourceTree = BUILT_PRODUCTS_DIR; };
		A04AE1492AB2FB9F00138A2B /* PlenyInterviewTask.app */ = {isa = PBXFileReference; explicitFileType = wrapper.application; includeInIndex = 0; path = PlenyInterviewTask.app; sourceTree = BUILT_PRODUCTS_DIR; };
		A04AE14C2AB2FB9F00138A2B /* PlenyInterviewTaskApp.swift */ = {isa = PBXFileReference; lastKnownFileType = sourcecode.swift; path = PlenyInterviewTaskApp.swift; sourceTree = "<group>"; };
		A04AE1502AB2FBA100138A2B /* Assets.xcassets */ = {isa = PBXFileReference; lastKnownFileType = folder.assetcatalog; path = Assets.xcassets; sourceTree = "<group>"; };
		A04AE1532AB2FBA100138A2B /* Preview Assets.xcassets */ = {isa = PBXFileReference; lastKnownFileType = folder.assetcatalog; path = "Preview Assets.xcassets"; sourceTree = "<group>"; };
		A04AE1552AB2FBA100138A2B /* Persistence.swift */ = {isa = PBXFileReference; lastKnownFileType = sourcecode.swift; path = Persistence.swift; sourceTree = "<group>"; };
		A04AE1582AB2FBA100138A2B /* PlenyInterviewTask.xcdatamodel */ = {isa = PBXFileReference; lastKnownFileType = wrapper.xcdatamodel; path = PlenyInterviewTask.xcdatamodel; sourceTree = "<group>"; };
		A04AE1612AB315FF00138A2B /* LoginView.swift */ = {isa = PBXFileReference; lastKnownFileType = sourcecode.swift; path = LoginView.swift; sourceTree = "<group>"; };
		A04AE1672AB320B200138A2B /* SFPRODISPLAYMEDIUM.OTF */ = {isa = PBXFileReference; lastKnownFileType = file; path = SFPRODISPLAYMEDIUM.OTF; sourceTree = "<group>"; };
		A04AE1682AB320B200138A2B /* SFPRODISPLAYBOLD.OTF */ = {isa = PBXFileReference; lastKnownFileType = file; path = SFPRODISPLAYBOLD.OTF; sourceTree = "<group>"; };
		A04AE1692AB320B200138A2B /* SFPRODISPLAYREGULAR.OTF */ = {isa = PBXFileReference; lastKnownFileType = file; path = SFPRODISPLAYREGULAR.OTF; sourceTree = "<group>"; };
		A04AE16A2AB3233900138A2B /* Info.plist */ = {isa = PBXFileReference; lastKnownFileType = text.plist.xml; path = Info.plist; sourceTree = "<group>"; };
		A04AE16F2AB3274000138A2B /* Fonts+Extension.swift */ = {isa = PBXFileReference; lastKnownFileType = sourcecode.swift; path = "Fonts+Extension.swift"; sourceTree = "<group>"; };
		A04AE1712AB327E200138A2B /* Colors+Extension.swift */ = {isa = PBXFileReference; lastKnownFileType = sourcecode.swift; path = "Colors+Extension.swift"; sourceTree = "<group>"; };
		A04AE1742AB3472D00138A2B /* CustomInputView.swift */ = {isa = PBXFileReference; lastKnownFileType = sourcecode.swift; path = CustomInputView.swift; sourceTree = "<group>"; };
		A04AE1762AB36A5800138A2B /* SecureInputView.swift */ = {isa = PBXFileReference; lastKnownFileType = sourcecode.swift; path = SecureInputView.swift; sourceTree = "<group>"; };
		A04AE17D2AB381FF00138A2B /* LoginRepository.swift */ = {isa = PBXFileReference; lastKnownFileType = sourcecode.swift; path = LoginRepository.swift; sourceTree = "<group>"; };
		A04AE17F2AB3828F00138A2B /* User.swift */ = {isa = PBXFileReference; lastKnownFileType = sourcecode.swift; path = User.swift; sourceTree = "<group>"; };
		A04AE1822AB486C400138A2B /* LoginService.swift */ = {isa = PBXFileReference; lastKnownFileType = sourcecode.swift; path = LoginService.swift; sourceTree = "<group>"; };
		A04AE1852AB493BE00138A2B /* DependencyInjector.swift */ = {isa = PBXFileReference; lastKnownFileType = sourcecode.swift; path = DependencyInjector.swift; sourceTree = "<group>"; };
		A04AE1892AB496C600138A2B /* ServicesContainer.swift */ = {isa = PBXFileReference; lastKnownFileType = sourcecode.swift; path = ServicesContainer.swift; sourceTree = "<group>"; };
		A04AE1992AB4A52600138A2B /* AppEnvironment.swift */ = {isa = PBXFileReference; fileEncoding = 4; lastKnownFileType = sourcecode.swift; path = AppEnvironment.swift; sourceTree = "<group>"; };
		A04AE19C2AB4A9C200138A2B /* APIManager.swift */ = {isa = PBXFileReference; fileEncoding = 4; lastKnownFileType = sourcecode.swift; path = APIManager.swift; sourceTree = "<group>"; };
		A04AE1A22AB4A9DC00138A2B /* Endpoint.swift */ = {isa = PBXFileReference; fileEncoding = 4; lastKnownFileType = sourcecode.swift; path = Endpoint.swift; sourceTree = "<group>"; };
		A04AE1A32AB4A9DC00138A2B /* HTTPMethods.swift */ = {isa = PBXFileReference; fileEncoding = 4; lastKnownFileType = sourcecode.swift; path = HTTPMethods.swift; sourceTree = "<group>"; };
		A04AE1AB2AB4E0DE00138A2B /* LoginViewModel.swift */ = {isa = PBXFileReference; lastKnownFileType = sourcecode.swift; path = LoginViewModel.swift; sourceTree = "<group>"; };
		A04AE1B12AB5029600138A2B /* ErrorView.swift */ = {isa = PBXFileReference; lastKnownFileType = sourcecode.swift; path = ErrorView.swift; sourceTree = "<group>"; };
/* End PBXFileReference section */

/* Begin PBXFrameworksBuildPhase section */
		A04AE1462AB2FB9F00138A2B /* Frameworks */ = {
			isa = PBXFrameworksBuildPhase;
			buildActionMask = 2147483647;
			files = (
				9B8E427E238EB2D189631424 /* Pods_PlenyInterviewTask.framework in Frameworks */,
			);
			runOnlyForDeploymentPostprocessing = 0;
		};
/* End PBXFrameworksBuildPhase section */

/* Begin PBXGroup section */
		598C3CF73DB1016CC1FC5687 /* Pods */ = {
			isa = PBXGroup;
			children = (
				4CB63E2C611B10DE9DE340AA /* Pods-PlenyInterviewTask.debug.xcconfig */,
				39FE8CA38BD7C1791C864A62 /* Pods-PlenyInterviewTask.release.xcconfig */,
			);
			path = Pods;
			sourceTree = "<group>";
		};
		A04AE1402AB2FB9F00138A2B = {
			isa = PBXGroup;
			children = (
				A04AE14B2AB2FB9F00138A2B /* PlenyInterviewTask */,
				A04AE14A2AB2FB9F00138A2B /* Products */,
				598C3CF73DB1016CC1FC5687 /* Pods */,
				C1199DA0B043B3D78A95ACC1 /* Frameworks */,
			);
			sourceTree = "<group>";
		};
		A04AE14A2AB2FB9F00138A2B /* Products */ = {
			isa = PBXGroup;
			children = (
				A04AE1492AB2FB9F00138A2B /* PlenyInterviewTask.app */,
			);
			name = Products;
			sourceTree = "<group>";
		};
		A04AE14B2AB2FB9F00138A2B /* PlenyInterviewTask */ = {
			isa = PBXGroup;
			children = (
				A04AE1AA2AB4B7D200138A2B /* Gateways */,
				A04AE1982AB4A51400138A2B /* System */,
				A04AE1632AB31ED800138A2B /* Utilities */,
				A04AE1842AB493A200138A2B /* Injected */,
				A04AE17C2AB3787E00138A2B /* Repositories */,
				A04AE1812AB4828200138A2B /* Services */,
				A04AE17A2AB3785500138A2B /* Models */,
				A04AE15F2AB315DB00138A2B /* UI */,
				A04AE1792AB3782700138A2B /* Resources */,
				A04AE14C2AB2FB9F00138A2B /* PlenyInterviewTaskApp.swift */,
				A04AE1522AB2FBA100138A2B /* Preview Content */,
			);
			path = PlenyInterviewTask;
			sourceTree = "<group>";
		};
		A04AE1522AB2FBA100138A2B /* Preview Content */ = {
			isa = PBXGroup;
			children = (
				A04AE1532AB2FBA100138A2B /* Preview Assets.xcassets */,
			);
			path = "Preview Content";
			sourceTree = "<group>";
		};
		A04AE15F2AB315DB00138A2B /* UI */ = {
			isa = PBXGroup;
			children = (
				A04AE1602AB315E500138A2B /* Login */,
			);
			path = UI;
			sourceTree = "<group>";
		};
		A04AE1602AB315E500138A2B /* Login */ = {
			isa = PBXGroup;
			children = (
				A04AE1612AB315FF00138A2B /* LoginView.swift */,
				A04AE1AB2AB4E0DE00138A2B /* LoginViewModel.swift */,
			);
			path = Login;
			sourceTree = "<group>";
		};
		A04AE1632AB31ED800138A2B /* Utilities */ = {
			isa = PBXGroup;
			children = (
				A04AE1732AB3470B00138A2B /* Theme */,
				A04AE16E2AB3272900138A2B /* Extension */,
			);
			path = Utilities;
			sourceTree = "<group>";
		};
		A04AE1642AB31F1D00138A2B /* Fonts */ = {
			isa = PBXGroup;
			children = (
				A04AE1682AB320B200138A2B /* SFPRODISPLAYBOLD.OTF */,
				A04AE1672AB320B200138A2B /* SFPRODISPLAYMEDIUM.OTF */,
				A04AE1692AB320B200138A2B /* SFPRODISPLAYREGULAR.OTF */,
			);
			path = Fonts;
			sourceTree = "<group>";
		};
		A04AE16E2AB3272900138A2B /* Extension */ = {
			isa = PBXGroup;
			children = (
				A04AE16F2AB3274000138A2B /* Fonts+Extension.swift */,
				A04AE1712AB327E200138A2B /* Colors+Extension.swift */,
			);
			path = Extension;
			sourceTree = "<group>";
		};
		A04AE1732AB3470B00138A2B /* Theme */ = {
			isa = PBXGroup;
			children = (
				A04AE1642AB31F1D00138A2B /* Fonts */,
				A04AE1742AB3472D00138A2B /* CustomInputView.swift */,
				A04AE1762AB36A5800138A2B /* SecureInputView.swift */,
				A04AE1B12AB5029600138A2B /* ErrorView.swift */,
			);
			path = Theme;
			sourceTree = "<group>";
		};
		A04AE1782AB3780300138A2B /* Persistence */ = {
			isa = PBXGroup;
			children = (
				A04AE1552AB2FBA100138A2B /* Persistence.swift */,
				A04AE1572AB2FBA100138A2B /* PlenyInterviewTask.xcdatamodeld */,
			);
			path = Persistence;
			sourceTree = "<group>";
		};
		A04AE1792AB3782700138A2B /* Resources */ = {
			isa = PBXGroup;
			children = (
				A04AE16A2AB3233900138A2B /* Info.plist */,
				A04AE1502AB2FBA100138A2B /* Assets.xcassets */,
			);
			path = Resources;
			sourceTree = "<group>";
		};
		A04AE17A2AB3785500138A2B /* Models */ = {
			isa = PBXGroup;
			children = (
				A04AE17F2AB3828F00138A2B /* User.swift */,
			);
			path = Models;
			sourceTree = "<group>";
		};
		A04AE17C2AB3787E00138A2B /* Repositories */ = {
			isa = PBXGroup;
			children = (
				A04AE17D2AB381FF00138A2B /* LoginRepository.swift */,
			);
			path = Repositories;
			sourceTree = "<group>";
		};
		A04AE1812AB4828200138A2B /* Services */ = {
			isa = PBXGroup;
			children = (
				A04AE1822AB486C400138A2B /* LoginService.swift */,
			);
			path = Services;
			sourceTree = "<group>";
		};
		A04AE1842AB493A200138A2B /* Injected */ = {
			isa = PBXGroup;
			children = (
				A04AE1852AB493BE00138A2B /* DependencyInjector.swift */,
				A04AE1892AB496C600138A2B /* ServicesContainer.swift */,
			);
			path = Injected;
			sourceTree = "<group>";
		};
		A04AE18B2AB497E400138A2B /* Network */ = {
			isa = PBXGroup;
			children = (
				A04AE1A32AB4A9DC00138A2B /* HTTPMethods.swift */,
				A04AE1A22AB4A9DC00138A2B /* Endpoint.swift */,
				A04AE19B2AB4A9B800138A2B /* Manager */,
			);
			path = Network;
			sourceTree = "<group>";
		};
		A04AE1982AB4A51400138A2B /* System */ = {
			isa = PBXGroup;
			children = (
				A04AE1992AB4A52600138A2B /* AppEnvironment.swift */,
			);
			path = System;
			sourceTree = "<group>";
		};
		A04AE19B2AB4A9B800138A2B /* Manager */ = {
			isa = PBXGroup;
			children = (
				A04AE19C2AB4A9C200138A2B /* APIManager.swift */,
			);
			path = Manager;
			sourceTree = "<group>";
		};
		A04AE1AA2AB4B7D200138A2B /* Gateways */ = {
			isa = PBXGroup;
			children = (
				A04AE1782AB3780300138A2B /* Persistence */,
				A04AE18B2AB497E400138A2B /* Network */,
			);
			path = Gateways;
			sourceTree = "<group>";
		};
		C1199DA0B043B3D78A95ACC1 /* Frameworks */ = {
			isa = PBXGroup;
			children = (
				5C77C895374D8AD38287C658 /* Pods_PlenyInterviewTask.framework */,
			);
			name = Frameworks;
			sourceTree = "<group>";
		};
/* End PBXGroup section */

/* Begin PBXNativeTarget section */
		A04AE1482AB2FB9F00138A2B /* PlenyInterviewTask */ = {
			isa = PBXNativeTarget;
			buildConfigurationList = A04AE15C2AB2FBA100138A2B /* Build configuration list for PBXNativeTarget "PlenyInterviewTask" */;
			buildPhases = (
				BD83EA5498AB5A687A62D469 /* [CP] Check Pods Manifest.lock */,
				A04AE1452AB2FB9F00138A2B /* Sources */,
				A04AE1462AB2FB9F00138A2B /* Frameworks */,
				A04AE1472AB2FB9F00138A2B /* Resources */,
			);
			buildRules = (
			);
			dependencies = (
			);
			name = PlenyInterviewTask;
			packageProductDependencies = (
			);
			productName = PlenyInterviewTask;
			productReference = A04AE1492AB2FB9F00138A2B /* PlenyInterviewTask.app */;
			productType = "com.apple.product-type.application";
		};
/* End PBXNativeTarget section */

/* Begin PBXProject section */
		A04AE1412AB2FB9F00138A2B /* Project object */ = {
			isa = PBXProject;
			attributes = {
				BuildIndependentTargetsInParallel = 1;
				LastSwiftUpdateCheck = 1330;
				LastUpgradeCheck = 1330;
				TargetAttributes = {
					A04AE1482AB2FB9F00138A2B = {
						CreatedOnToolsVersion = 13.3;
					};
				};
			};
			buildConfigurationList = A04AE1442AB2FB9F00138A2B /* Build configuration list for PBXProject "PlenyInterviewTask" */;
			compatibilityVersion = "Xcode 13.0";
			developmentRegion = en;
			hasScannedForEncodings = 0;
			knownRegions = (
				en,
				Base,
			);
			mainGroup = A04AE1402AB2FB9F00138A2B;
			packageReferences = (
			);
			productRefGroup = A04AE14A2AB2FB9F00138A2B /* Products */;
			projectDirPath = "";
			projectRoot = "";
			targets = (
				A04AE1482AB2FB9F00138A2B /* PlenyInterviewTask */,
			);
		};
/* End PBXProject section */

/* Begin PBXResourcesBuildPhase section */
		A04AE1472AB2FB9F00138A2B /* Resources */ = {
			isa = PBXResourcesBuildPhase;
			buildActionMask = 2147483647;
			files = (
				A04AE1542AB2FBA100138A2B /* Preview Assets.xcassets in Resources */,
				A04AE16B2AB3257900138A2B /* SFPRODISPLAYBOLD.OTF in Resources */,
				A04AE16C2AB3257900138A2B /* SFPRODISPLAYMEDIUM.OTF in Resources */,
				A04AE16D2AB3257900138A2B /* SFPRODISPLAYREGULAR.OTF in Resources */,
				A04AE1512AB2FBA100138A2B /* Assets.xcassets in Resources */,
			);
			runOnlyForDeploymentPostprocessing = 0;
		};
/* End PBXResourcesBuildPhase section */

/* Begin PBXShellScriptBuildPhase section */
		BD83EA5498AB5A687A62D469 /* [CP] Check Pods Manifest.lock */ = {
			isa = PBXShellScriptBuildPhase;
			buildActionMask = 2147483647;
			files = (
			);
			inputFileListPaths = (
			);
			inputPaths = (
				"${PODS_PODFILE_DIR_PATH}/Podfile.lock",
				"${PODS_ROOT}/Manifest.lock",
			);
			name = "[CP] Check Pods Manifest.lock";
			outputFileListPaths = (
			);
			outputPaths = (
				"$(DERIVED_FILE_DIR)/Pods-PlenyInterviewTask-checkManifestLockResult.txt",
			);
			runOnlyForDeploymentPostprocessing = 0;
			shellPath = /bin/sh;
			shellScript = "diff \"${PODS_PODFILE_DIR_PATH}/Podfile.lock\" \"${PODS_ROOT}/Manifest.lock\" > /dev/null\nif [ $? != 0 ] ; then\n    # print error to STDERR\n    echo \"error: The sandbox is not in sync with the Podfile.lock. Run 'pod install' or update your CocoaPods installation.\" >&2\n    exit 1\nfi\n# This output is used by Xcode 'outputs' to avoid re-running this script phase.\necho \"SUCCESS\" > \"${SCRIPT_OUTPUT_FILE_0}\"\n";
			showEnvVarsInLog = 0;
		};
/* End PBXShellScriptBuildPhase section */

/* Begin PBXSourcesBuildPhase section */
		A04AE1452AB2FB9F00138A2B /* Sources */ = {
			isa = PBXSourcesBuildPhase;
			buildActionMask = 2147483647;
			files = (
				A04AE1772AB36A5800138A2B /* SecureInputView.swift in Sources */,
				A04AE1A52AB4A9DC00138A2B /* Endpoint.swift in Sources */,
				A04AE1B22AB5029600138A2B /* ErrorView.swift in Sources */,
				A04AE1562AB2FBA100138A2B /* Persistence.swift in Sources */,
				A04AE1722AB327E200138A2B /* Colors+Extension.swift in Sources */,
				A04AE19A2AB4A52600138A2B /* AppEnvironment.swift in Sources */,
				A04AE19E2AB4A9C200138A2B /* APIManager.swift in Sources */,
				A04AE1A62AB4A9DC00138A2B /* HTTPMethods.swift in Sources */,
				A04AE14D2AB2FB9F00138A2B /* PlenyInterviewTaskApp.swift in Sources */,
				A04AE1AC2AB4E0DE00138A2B /* LoginViewModel.swift in Sources */,
				A04AE17E2AB381FF00138A2B /* LoginRepository.swift in Sources */,
				A04AE1622AB315FF00138A2B /* LoginView.swift in Sources */,
				A04AE18A2AB496C600138A2B /* ServicesContainer.swift in Sources */,
				A04AE1832AB486C400138A2B /* LoginService.swift in Sources */,
				A04AE1592AB2FBA100138A2B /* PlenyInterviewTask.xcdatamodeld in Sources */,
				A04AE1862AB493BE00138A2B /* DependencyInjector.swift in Sources */,
				A04AE1752AB3472D00138A2B /* CustomInputView.swift in Sources */,
				A04AE1702AB3274000138A2B /* Fonts+Extension.swift in Sources */,
				A04AE1802AB3828F00138A2B /* User.swift in Sources */,
			);
			runOnlyForDeploymentPostprocessing = 0;
		};
/* End PBXSourcesBuildPhase section */

/* Begin XCBuildConfiguration section */
		A04AE15A2AB2FBA100138A2B /* Debug */ = {
			isa = XCBuildConfiguration;
			buildSettings = {
				ALWAYS_SEARCH_USER_PATHS = NO;
				CLANG_ANALYZER_NONNULL = YES;
				CLANG_ANALYZER_NUMBER_OBJECT_CONVERSION = YES_AGGRESSIVE;
				CLANG_CXX_LANGUAGE_STANDARD = "gnu++17";
				CLANG_ENABLE_MODULES = YES;
				CLANG_ENABLE_OBJC_ARC = YES;
				CLANG_ENABLE_OBJC_WEAK = YES;
				CLANG_WARN_BLOCK_CAPTURE_AUTORELEASING = YES;
				CLANG_WARN_BOOL_CONVERSION = YES;
				CLANG_WARN_COMMA = YES;
				CLANG_WARN_CONSTANT_CONVERSION = YES;
				CLANG_WARN_DEPRECATED_OBJC_IMPLEMENTATIONS = YES;
				CLANG_WARN_DIRECT_OBJC_ISA_USAGE = YES_ERROR;
				CLANG_WARN_DOCUMENTATION_COMMENTS = YES;
				CLANG_WARN_EMPTY_BODY = YES;
				CLANG_WARN_ENUM_CONVERSION = YES;
				CLANG_WARN_INFINITE_RECURSION = YES;
				CLANG_WARN_INT_CONVERSION = YES;
				CLANG_WARN_NON_LITERAL_NULL_CONVERSION = YES;
				CLANG_WARN_OBJC_IMPLICIT_RETAIN_SELF = YES;
				CLANG_WARN_OBJC_LITERAL_CONVERSION = YES;
				CLANG_WARN_OBJC_ROOT_CLASS = YES_ERROR;
				CLANG_WARN_QUOTED_INCLUDE_IN_FRAMEWORK_HEADER = YES;
				CLANG_WARN_RANGE_LOOP_ANALYSIS = YES;
				CLANG_WARN_STRICT_PROTOTYPES = YES;
				CLANG_WARN_SUSPICIOUS_MOVE = YES;
				CLANG_WARN_UNGUARDED_AVAILABILITY = YES_AGGRESSIVE;
				CLANG_WARN_UNREACHABLE_CODE = YES;
				CLANG_WARN__DUPLICATE_METHOD_MATCH = YES;
				COPY_PHASE_STRIP = NO;
				DEBUG_INFORMATION_FORMAT = dwarf;
				ENABLE_STRICT_OBJC_MSGSEND = YES;
				ENABLE_TESTABILITY = YES;
				GCC_C_LANGUAGE_STANDARD = gnu11;
				GCC_DYNAMIC_NO_PIC = NO;
				GCC_NO_COMMON_BLOCKS = YES;
				GCC_OPTIMIZATION_LEVEL = 0;
				GCC_PREPROCESSOR_DEFINITIONS = (
					"DEBUG=1",
					"$(inherited)",
				);
				GCC_WARN_64_TO_32_BIT_CONVERSION = YES;
				GCC_WARN_ABOUT_RETURN_TYPE = YES_ERROR;
				GCC_WARN_UNDECLARED_SELECTOR = YES;
				GCC_WARN_UNINITIALIZED_AUTOS = YES_AGGRESSIVE;
				GCC_WARN_UNUSED_FUNCTION = YES;
				GCC_WARN_UNUSED_VARIABLE = YES;
				IPHONEOS_DEPLOYMENT_TARGET = 15.4;
				MTL_ENABLE_DEBUG_INFO = INCLUDE_SOURCE;
				MTL_FAST_MATH = YES;
				ONLY_ACTIVE_ARCH = YES;
				SDKROOT = iphoneos;
				SWIFT_ACTIVE_COMPILATION_CONDITIONS = DEBUG;
				SWIFT_OPTIMIZATION_LEVEL = "-Onone";
			};
			name = Debug;
		};
		A04AE15B2AB2FBA100138A2B /* Release */ = {
			isa = XCBuildConfiguration;
			buildSettings = {
				ALWAYS_SEARCH_USER_PATHS = NO;
				CLANG_ANALYZER_NONNULL = YES;
				CLANG_ANALYZER_NUMBER_OBJECT_CONVERSION = YES_AGGRESSIVE;
				CLANG_CXX_LANGUAGE_STANDARD = "gnu++17";
				CLANG_ENABLE_MODULES = YES;
				CLANG_ENABLE_OBJC_ARC = YES;
				CLANG_ENABLE_OBJC_WEAK = YES;
				CLANG_WARN_BLOCK_CAPTURE_AUTORELEASING = YES;
				CLANG_WARN_BOOL_CONVERSION = YES;
				CLANG_WARN_COMMA = YES;
				CLANG_WARN_CONSTANT_CONVERSION = YES;
				CLANG_WARN_DEPRECATED_OBJC_IMPLEMENTATIONS = YES;
				CLANG_WARN_DIRECT_OBJC_ISA_USAGE = YES_ERROR;
				CLANG_WARN_DOCUMENTATION_COMMENTS = YES;
				CLANG_WARN_EMPTY_BODY = YES;
				CLANG_WARN_ENUM_CONVERSION = YES;
				CLANG_WARN_INFINITE_RECURSION = YES;
				CLANG_WARN_INT_CONVERSION = YES;
				CLANG_WARN_NON_LITERAL_NULL_CONVERSION = YES;
				CLANG_WARN_OBJC_IMPLICIT_RETAIN_SELF = YES;
				CLANG_WARN_OBJC_LITERAL_CONVERSION = YES;
				CLANG_WARN_OBJC_ROOT_CLASS = YES_ERROR;
				CLANG_WARN_QUOTED_INCLUDE_IN_FRAMEWORK_HEADER = YES;
				CLANG_WARN_RANGE_LOOP_ANALYSIS = YES;
				CLANG_WARN_STRICT_PROTOTYPES = YES;
				CLANG_WARN_SUSPICIOUS_MOVE = YES;
				CLANG_WARN_UNGUARDED_AVAILABILITY = YES_AGGRESSIVE;
				CLANG_WARN_UNREACHABLE_CODE = YES;
				CLANG_WARN__DUPLICATE_METHOD_MATCH = YES;
				COPY_PHASE_STRIP = NO;
				DEBUG_INFORMATION_FORMAT = "dwarf-with-dsym";
				ENABLE_NS_ASSERTIONS = NO;
				ENABLE_STRICT_OBJC_MSGSEND = YES;
				GCC_C_LANGUAGE_STANDARD = gnu11;
				GCC_NO_COMMON_BLOCKS = YES;
				GCC_WARN_64_TO_32_BIT_CONVERSION = YES;
				GCC_WARN_ABOUT_RETURN_TYPE = YES_ERROR;
				GCC_WARN_UNDECLARED_SELECTOR = YES;
				GCC_WARN_UNINITIALIZED_AUTOS = YES_AGGRESSIVE;
				GCC_WARN_UNUSED_FUNCTION = YES;
				GCC_WARN_UNUSED_VARIABLE = YES;
				IPHONEOS_DEPLOYMENT_TARGET = 15.4;
				MTL_ENABLE_DEBUG_INFO = NO;
				MTL_FAST_MATH = YES;
				SDKROOT = iphoneos;
				SWIFT_COMPILATION_MODE = wholemodule;
				SWIFT_OPTIMIZATION_LEVEL = "-O";
				VALIDATE_PRODUCT = YES;
			};
			name = Release;
		};
		A04AE15D2AB2FBA100138A2B /* Debug */ = {
			isa = XCBuildConfiguration;
			baseConfigurationReference = 4CB63E2C611B10DE9DE340AA /* Pods-PlenyInterviewTask.debug.xcconfig */;
			buildSettings = {
				ASSETCATALOG_COMPILER_APPICON_NAME = AppIcon;
				ASSETCATALOG_COMPILER_GLOBAL_ACCENT_COLOR_NAME = AccentColor;
				CODE_SIGN_STYLE = Automatic;
				CURRENT_PROJECT_VERSION = 1;
				DEVELOPMENT_ASSET_PATHS = "\"PlenyInterviewTask/Preview Content\"";
				ENABLE_PREVIEWS = YES;
				GENERATE_INFOPLIST_FILE = YES;
				INFOPLIST_FILE = PlenyInterviewTask/Resources/Info.plist;
				INFOPLIST_KEY_UIApplicationSceneManifest_Generation = YES;
				INFOPLIST_KEY_UIApplicationSupportsIndirectInputEvents = YES;
				INFOPLIST_KEY_UILaunchScreen_Generation = YES;
				INFOPLIST_KEY_UISupportedInterfaceOrientations = UIInterfaceOrientationPortrait;
				INFOPLIST_KEY_UISupportedInterfaceOrientations_iPad = "UIInterfaceOrientationPortrait UIInterfaceOrientationPortraitUpsideDown UIInterfaceOrientationLandscapeLeft UIInterfaceOrientationLandscapeRight";
				INFOPLIST_KEY_UISupportedInterfaceOrientations_iPhone = "UIInterfaceOrientationPortrait UIInterfaceOrientationLandscapeLeft UIInterfaceOrientationLandscapeRight";
				IPHONEOS_DEPLOYMENT_TARGET = 15.0;
				LD_RUNPATH_SEARCH_PATHS = (
					"$(inherited)",
					"@executable_path/Frameworks",
				);
				MARKETING_VERSION = 1.0;
				PRODUCT_BUNDLE_IDENTIFIER = Ammar.PlenyInterviewTask;
				PRODUCT_NAME = "$(TARGET_NAME)";
				SWIFT_EMIT_LOC_STRINGS = YES;
				SWIFT_VERSION = 5.0;
				TARGETED_DEVICE_FAMILY = 1;
			};
			name = Debug;
		};
		A04AE15E2AB2FBA100138A2B /* Release */ = {
			isa = XCBuildConfiguration;
			baseConfigurationReference = 39FE8CA38BD7C1791C864A62 /* Pods-PlenyInterviewTask.release.xcconfig */;
			buildSettings = {
				ASSETCATALOG_COMPILER_APPICON_NAME = AppIcon;
				ASSETCATALOG_COMPILER_GLOBAL_ACCENT_COLOR_NAME = AccentColor;
				CODE_SIGN_STYLE = Automatic;
				CURRENT_PROJECT_VERSION = 1;
				DEVELOPMENT_ASSET_PATHS = "\"PlenyInterviewTask/Preview Content\"";
				ENABLE_PREVIEWS = YES;
				GENERATE_INFOPLIST_FILE = YES;
				INFOPLIST_FILE = PlenyInterviewTask/Resources/Info.plist;
				INFOPLIST_KEY_UIApplicationSceneManifest_Generation = YES;
				INFOPLIST_KEY_UIApplicationSupportsIndirectInputEvents = YES;
				INFOPLIST_KEY_UILaunchScreen_Generation = YES;
				INFOPLIST_KEY_UISupportedInterfaceOrientations = UIInterfaceOrientationPortrait;
				INFOPLIST_KEY_UISupportedInterfaceOrientations_iPad = "UIInterfaceOrientationPortrait UIInterfaceOrientationPortraitUpsideDown UIInterfaceOrientationLandscapeLeft UIInterfaceOrientationLandscapeRight";
				INFOPLIST_KEY_UISupportedInterfaceOrientations_iPhone = "UIInterfaceOrientationPortrait UIInterfaceOrientationLandscapeLeft UIInterfaceOrientationLandscapeRight";
				IPHONEOS_DEPLOYMENT_TARGET = 15.0;
				LD_RUNPATH_SEARCH_PATHS = (
					"$(inherited)",
					"@executable_path/Frameworks",
				);
				MARKETING_VERSION = 1.0;
				PRODUCT_BUNDLE_IDENTIFIER = Ammar.PlenyInterviewTask;
				PRODUCT_NAME = "$(TARGET_NAME)";
				SWIFT_EMIT_LOC_STRINGS = YES;
				SWIFT_VERSION = 5.0;
				TARGETED_DEVICE_FAMILY = 1;
			};
			name = Release;
		};
/* End XCBuildConfiguration section */

/* Begin XCConfigurationList section */
		A04AE1442AB2FB9F00138A2B /* Build configuration list for PBXProject "PlenyInterviewTask" */ = {
			isa = XCConfigurationList;
			buildConfigurations = (
				A04AE15A2AB2FBA100138A2B /* Debug */,
				A04AE15B2AB2FBA100138A2B /* Release */,
			);
			defaultConfigurationIsVisible = 0;
			defaultConfigurationName = Release;
		};
		A04AE15C2AB2FBA100138A2B /* Build configuration list for PBXNativeTarget "PlenyInterviewTask" */ = {
			isa = XCConfigurationList;
			buildConfigurations = (
				A04AE15D2AB2FBA100138A2B /* Debug */,
				A04AE15E2AB2FBA100138A2B /* Release */,
			);
			defaultConfigurationIsVisible = 0;
			defaultConfigurationName = Release;
		};
/* End XCConfigurationList section */

/* Begin XCVersionGroup section */
		A04AE1572AB2FBA100138A2B /* PlenyInterviewTask.xcdatamodeld */ = {
			isa = XCVersionGroup;
			children = (
				A04AE1582AB2FBA100138A2B /* PlenyInterviewTask.xcdatamodel */,
			);
			currentVersion = A04AE1582AB2FBA100138A2B /* PlenyInterviewTask.xcdatamodel */;
			path = PlenyInterviewTask.xcdatamodeld;
			sourceTree = "<group>";
			versionGroupType = wrapper.xcdatamodel;
		};
/* End XCVersionGroup section */
	};
	rootObject = A04AE1412AB2FB9F00138A2B /* Project object */;
}
